// !$*UTF8*$!
{
	archiveVersion = 1;
	classes = {
	};
	objectVersion = 77;
	objects = {

/* Begin PBXBuildFile section */
		003504C2D80C562C0B0CA9C5 /* ProfilePickerView.swift in Sources */ = {isa = PBXBuildFile; fileRef = A9B76C9F6C1C03A5BC1C639D /* ProfilePickerView.swift */; };
		0A79732C03639AD4C322F904 /* AdultGate.swift in Sources */ = {isa = PBXBuildFile; fileRef = D541C681A6D6A7A05DDD8DED /* AdultGate.swift */; };
		0DE29FBAF82C9B92C66260F0 /* DayCardFrame.swift in Sources */ = {isa = PBXBuildFile; fileRef = 4A7B74C9AF7E2B971FF63974 /* DayCardFrame.swift */; };
		293CEEB19916BD4411A601FE /* WeeklyChartView.swift in Sources */ = {isa = PBXBuildFile; fileRef = D3F630409DD2005551010D5B /* WeeklyChartView.swift */; };
		3BF558E8083FE151ECCC2179 /* RewardsView.swift in Sources */ = {isa = PBXBuildFile; fileRef = 85CA6CDA8B621E8B1D074158 /* RewardsView.swift */; };
		41EADF806F147A3FC781DBFF /* ChoreRow.swift in Sources */ = {isa = PBXBuildFile; fileRef = 4383D3E29DD6623D29A72597 /* ChoreRow.swift */; };
		4874BFF89E8F74CA384DEB29 /* WeeklyChartView.swift in Sources */ = {isa = PBXBuildFile; fileRef = D3F630409DD2005551010D5B /* WeeklyChartView.swift */; };
		4A6E68B263D2202A7D4AD9AB /* ChildAvatarView.swift in Sources */ = {isa = PBXBuildFile; fileRef = A2EFB0C5E89F3501D7053AEB /* ChildAvatarView.swift */; };
		564A6EDA6B2512DD8F97CC8C /* ChoreRow.swift in Sources */ = {isa = PBXBuildFile; fileRef = 4383D3E29DD6623D29A72597 /* ChoreRow.swift */; };
		59B50ABC46C61208C97CACC6 /* ChildSettingsView.swift in Sources */ = {isa = PBXBuildFile; fileRef = 2BBE5CCB205BA2A3C195358E /* ChildSettingsView.swift */; };
		5D22A8B90448C3D88604B57D /* FamilyAppilyApp.swift in Sources */ = {isa = PBXBuildFile; fileRef = F57BD65D1E4586B0E4B39AE2 /* FamilyAppilyApp.swift */; };
		63E114E161D8FBCE8D5B6DC2 /* ChoreSettingsView.swift in Sources */ = {isa = PBXBuildFile; fileRef = 5838CB35CBFE479FFB9AE584 /* ChoreSettingsView.swift */; };
		6922498929EEB6BCF50935F1 /* ParentDashboardView.swift in Sources */ = {isa = PBXBuildFile; fileRef = FB67EA9D432085D898854D95 /* ParentDashboardView.swift */; };
		6AEA55B280AFAFEAD5D53378 /* AdultGate.swift in Sources */ = {isa = PBXBuildFile; fileRef = D541C681A6D6A7A05DDD8DED /* AdultGate.swift */; };
		6BC49A4E31EC6BCE749D9FEE /* FamilyCore in Frameworks */ = {isa = PBXBuildFile; productRef = 709889DB199DB2ACFC990A52 /* FamilyCore */; };
		6ED49D89F4E4C2BB3E189B99 /* FamilyCalendarView.swift in Sources */ = {isa = PBXBuildFile; fileRef = 9635644266EF5976C8636731 /* FamilyCalendarView.swift */; };
		6FD034B18CF36C832698AA9D /* FamilyCore in Frameworks */ = {isa = PBXBuildFile; productRef = F545B5D6CC3867011FCE9116 /* FamilyCore */; };
		7674564C10883A38E9D2335D /* ChildSettingsView.swift in Sources */ = {isa = PBXBuildFile; fileRef = 2BBE5CCB205BA2A3C195358E /* ChildSettingsView.swift */; };
		7C398F2F383C9854DFA02A04 /* FamilyAppilyMacApp.swift in Sources */ = {isa = PBXBuildFile; fileRef = BFE1BDF3089BDC4EDEC3ADC6 /* FamilyAppilyMacApp.swift */; };
		7F34F9AEA5A1B7D50F3A62FD /* CompletionMark.swift in Sources */ = {isa = PBXBuildFile; fileRef = 797A6D1BE6092083000FD565 /* CompletionMark.swift */; };
		8001D4C5CFD009D898F0B874 /* Assets.xcassets in Resources */ = {isa = PBXBuildFile; fileRef = 6CDEA4ADF710D0F021B7F928 /* Assets.xcassets */; };
		823A03B8B4A231348DD45FDE /* ChoresWidget.swift in Sources */ = {isa = PBXBuildFile; fileRef = B963806AE8EC420C78348443 /* ChoresWidget.swift */; };
		84EF496251E8448C84B46110 /* ChildAvatarView.swift in Sources */ = {isa = PBXBuildFile; fileRef = A2EFB0C5E89F3501D7053AEB /* ChildAvatarView.swift */; };
		8F69E2861D95C561CBECA3B4 /* FamilyAppilyWidgets.appex in Embed Foundation Extensions */ = {isa = PBXBuildFile; fileRef = AD4CF0ADFA19123BACA0766C /* FamilyAppilyWidgets.appex */; settings = {ATTRIBUTES = (RemoveHeadersOnCopy, ); }; };
		97704E02238759216108DE5C /* FamilyAppilyMacRootView.swift in Sources */ = {isa = PBXBuildFile; fileRef = 85173E294DAE5E1B2FCDE94D /* FamilyAppilyMacRootView.swift */; };
		9E9BDD09F8DA309D832A694A /* FamilyCalendarView.swift in Sources */ = {isa = PBXBuildFile; fileRef = 9635644266EF5976C8636731 /* FamilyCalendarView.swift */; };
		A78C4B5399A2C61E5C75BF0B /* DayCardFrame.swift in Sources */ = {isa = PBXBuildFile; fileRef = 4A7B74C9AF7E2B971FF63974 /* DayCardFrame.swift */; };
		A9230F7DA3889BF3D860D0FD /* ChoreAssignmentEditorView.swift in Sources */ = {isa = PBXBuildFile; fileRef = 6A23975051C05B005F9D0829 /* ChoreAssignmentEditorView.swift */; };
		AB5E1D7FA5512623BA01C677 /* ParentDashboardView.swift in Sources */ = {isa = PBXBuildFile; fileRef = FB67EA9D432085D898854D95 /* ParentDashboardView.swift */; };
		B5DB03B6E99B7B981E5732A9 /* ChoreSettingsView.swift in Sources */ = {isa = PBXBuildFile; fileRef = 5838CB35CBFE479FFB9AE584 /* ChoreSettingsView.swift */; };
		B90FE73C4EEC12FAB96DD8A2 /* FamilyRotationView.swift in Sources */ = {isa = PBXBuildFile; fileRef = 0A69B939AD964E1FECE5A7D0 /* FamilyRotationView.swift */; };
		C2047BDEC8F8D436F9EE180F /* RewardChartView.swift in Sources */ = {isa = PBXBuildFile; fileRef = 7340364D4930DB53E623E83E /* RewardChartView.swift */; };
		C9F21AE4201F199DED7A12C2 /* ProfilePickerView.swift in Sources */ = {isa = PBXBuildFile; fileRef = A9B76C9F6C1C03A5BC1C639D /* ProfilePickerView.swift */; };
		CB21A7C0782880982CD00E81 /* Assets.xcassets in Resources */ = {isa = PBXBuildFile; fileRef = DCC1D7D827A0856AED8FFE09 /* Assets.xcassets */; };
		D450DE8DC59C95FF6730DF5C /* FamilyRotationView.swift in Sources */ = {isa = PBXBuildFile; fileRef = 0A69B939AD964E1FECE5A7D0 /* FamilyRotationView.swift */; };
		E007E68050B382EDDF04C3A6 /* FamilyAppilyWidgetBundle.swift in Sources */ = {isa = PBXBuildFile; fileRef = 03C978D43BE3F185DBFE074F /* FamilyAppilyWidgetBundle.swift */; };
		E0B4C9230ED14FCB1B219F89 /* FamilyCore in Frameworks */ = {isa = PBXBuildFile; productRef = BA8909571F7F2BCDB74FBB60 /* FamilyCore */; };
		E5A279CF04022173CDE6A62F /* CompletionMark.swift in Sources */ = {isa = PBXBuildFile; fileRef = 797A6D1BE6092083000FD565 /* CompletionMark.swift */; };
		E8C8B2CB5057F415BAEA86E4 /* ChoreAssignmentEditorView.swift in Sources */ = {isa = PBXBuildFile; fileRef = 6A23975051C05B005F9D0829 /* ChoreAssignmentEditorView.swift */; };
		EB5641838E64D896E7A5F019 /* RewardChartView.swift in Sources */ = {isa = PBXBuildFile; fileRef = 7340364D4930DB53E623E83E /* RewardChartView.swift */; };
		F7B5D30FC68A7549667A9DCF /* RewardsView.swift in Sources */ = {isa = PBXBuildFile; fileRef = 85CA6CDA8B621E8B1D074158 /* RewardsView.swift */; };
		F8A5FBCF8318E249F80A8293 /* RootTabView.swift in Sources */ = {isa = PBXBuildFile; fileRef = F63A131F244EAA4D6D8D4E8D /* RootTabView.swift */; };
/* End PBXBuildFile section */

/* Begin PBXContainerItemProxy section */
		7F576943B3BC42AAFCAB0065 /* PBXContainerItemProxy */ = {
			isa = PBXContainerItemProxy;
			containerPortal = A95B84594E87C259AE46FC07 /* Project object */;
			proxyType = 1;
			remoteGlobalIDString = 57DF6E1ED5ED7B620097F3FC;
			remoteInfo = FamilyAppilyWidgets;
		};
/* End PBXContainerItemProxy section */

/* Begin PBXCopyFilesBuildPhase section */
		116FC4672C9A9C4B88C6FCA0 /* Embed Foundation Extensions */ = {
			isa = PBXCopyFilesBuildPhase;
			buildActionMask = 2147483647;
			dstPath = "";
			dstSubfolderSpec = 13;
			files = (
				8F69E2861D95C561CBECA3B4 /* FamilyAppilyWidgets.appex in Embed Foundation Extensions */,
			);
			name = "Embed Foundation Extensions";
			runOnlyForDeploymentPostprocessing = 0;
		};
/* End PBXCopyFilesBuildPhase section */

/* Begin PBXFileReference section */
		03C978D43BE3F185DBFE074F /* FamilyAppilyWidgetBundle.swift */ = {isa = PBXFileReference; lastKnownFileType = sourcecode.swift; path = FamilyAppilyWidgetBundle.swift; sourceTree = "<group>"; };
		0A69B939AD964E1FECE5A7D0 /* FamilyRotationView.swift */ = {isa = PBXFileReference; lastKnownFileType = sourcecode.swift; path = FamilyRotationView.swift; sourceTree = "<group>"; };
		2BBE5CCB205BA2A3C195358E /* ChildSettingsView.swift */ = {isa = PBXFileReference; lastKnownFileType = sourcecode.swift; path = ChildSettingsView.swift; sourceTree = "<group>"; };
		3B47836CD54B8ECDFA6923D5 /* FamilyAppily.entitlements */ = {isa = PBXFileReference; lastKnownFileType = text.plist.entitlements; path = FamilyAppily.entitlements; sourceTree = "<group>"; };
		4383D3E29DD6623D29A72597 /* ChoreRow.swift */ = {isa = PBXFileReference; lastKnownFileType = sourcecode.swift; path = ChoreRow.swift; sourceTree = "<group>"; };
		47CD2A0E7229480FE213D0D6 /* FamilyAppilyWidgets.entitlements */ = {isa = PBXFileReference; lastKnownFileType = text.plist.entitlements; path = FamilyAppilyWidgets.entitlements; sourceTree = "<group>"; };
		4A7B74C9AF7E2B971FF63974 /* DayCardFrame.swift */ = {isa = PBXFileReference; lastKnownFileType = sourcecode.swift; path = DayCardFrame.swift; sourceTree = "<group>"; };
		4D5761873673424874C6E5CF /* Info.plist */ = {isa = PBXFileReference; lastKnownFileType = text.plist; path = Info.plist; sourceTree = "<group>"; };
		5838CB35CBFE479FFB9AE584 /* ChoreSettingsView.swift */ = {isa = PBXFileReference; lastKnownFileType = sourcecode.swift; path = ChoreSettingsView.swift; sourceTree = "<group>"; };
		61E3A16D7A582B3A9E3D3DF1 /* FamilyCore */ = {isa = PBXFileReference; lastKnownFileType = folder; name = FamilyCore; path = FamilyCore; sourceTree = SOURCE_ROOT; };
		6A23975051C05B005F9D0829 /* ChoreAssignmentEditorView.swift */ = {isa = PBXFileReference; lastKnownFileType = sourcecode.swift; path = ChoreAssignmentEditorView.swift; sourceTree = "<group>"; };
		6CDEA4ADF710D0F021B7F928 /* Assets.xcassets */ = {isa = PBXFileReference; lastKnownFileType = folder.assetcatalog; path = Assets.xcassets; sourceTree = "<group>"; };
		7340364D4930DB53E623E83E /* RewardChartView.swift */ = {isa = PBXFileReference; lastKnownFileType = sourcecode.swift; path = RewardChartView.swift; sourceTree = "<group>"; };
		797A6D1BE6092083000FD565 /* CompletionMark.swift */ = {isa = PBXFileReference; lastKnownFileType = sourcecode.swift; path = CompletionMark.swift; sourceTree = "<group>"; };
		7B591FBE8ACDE04735D44DC1 /* Info.plist */ = {isa = PBXFileReference; lastKnownFileType = text.plist; path = Info.plist; sourceTree = "<group>"; };
		85173E294DAE5E1B2FCDE94D /* FamilyAppilyMacRootView.swift */ = {isa = PBXFileReference; lastKnownFileType = sourcecode.swift; path = FamilyAppilyMacRootView.swift; sourceTree = "<group>"; };
		85CA6CDA8B621E8B1D074158 /* RewardsView.swift */ = {isa = PBXFileReference; lastKnownFileType = sourcecode.swift; path = RewardsView.swift; sourceTree = "<group>"; };
		9635644266EF5976C8636731 /* FamilyCalendarView.swift */ = {isa = PBXFileReference; lastKnownFileType = sourcecode.swift; path = FamilyCalendarView.swift; sourceTree = "<group>"; };
		A2EFB0C5E89F3501D7053AEB /* ChildAvatarView.swift */ = {isa = PBXFileReference; lastKnownFileType = sourcecode.swift; path = ChildAvatarView.swift; sourceTree = "<group>"; };
		A9B76C9F6C1C03A5BC1C639D /* ProfilePickerView.swift */ = {isa = PBXFileReference; lastKnownFileType = sourcecode.swift; path = ProfilePickerView.swift; sourceTree = "<group>"; };
		AD4CF0ADFA19123BACA0766C /* FamilyAppilyWidgets.appex */ = {isa = PBXFileReference; includeInIndex = 0; lastKnownFileType = "wrapper.app-extension"; path = FamilyAppilyWidgets.appex; sourceTree = BUILT_PRODUCTS_DIR; };
		B963806AE8EC420C78348443 /* ChoresWidget.swift */ = {isa = PBXFileReference; lastKnownFileType = sourcecode.swift; path = ChoresWidget.swift; sourceTree = "<group>"; };
		BE76F14258725A26F800D6CF /* Info.plist */ = {isa = PBXFileReference; lastKnownFileType = text.plist; path = Info.plist; sourceTree = "<group>"; };
		BFE1BDF3089BDC4EDEC3ADC6 /* FamilyAppilyMacApp.swift */ = {isa = PBXFileReference; lastKnownFileType = sourcecode.swift; path = FamilyAppilyMacApp.swift; sourceTree = "<group>"; };
		D3F630409DD2005551010D5B /* WeeklyChartView.swift */ = {isa = PBXFileReference; lastKnownFileType = sourcecode.swift; path = WeeklyChartView.swift; sourceTree = "<group>"; };
		D541C681A6D6A7A05DDD8DED /* AdultGate.swift */ = {isa = PBXFileReference; lastKnownFileType = sourcecode.swift; path = AdultGate.swift; sourceTree = "<group>"; };
		DCC1D7D827A0856AED8FFE09 /* Assets.xcassets */ = {isa = PBXFileReference; lastKnownFileType = folder.assetcatalog; path = Assets.xcassets; sourceTree = "<group>"; };
		F1250A36FCB54C419D3511BA /* FamilyAppilyMac.app */ = {isa = PBXFileReference; explicitFileType = wrapper.application; includeInIndex = 0; path = FamilyAppilyMac.app; sourceTree = BUILT_PRODUCTS_DIR; };
		F57BD65D1E4586B0E4B39AE2 /* FamilyAppilyApp.swift */ = {isa = PBXFileReference; lastKnownFileType = sourcecode.swift; path = FamilyAppilyApp.swift; sourceTree = "<group>"; };
		F63A131F244EAA4D6D8D4E8D /* RootTabView.swift */ = {isa = PBXFileReference; lastKnownFileType = sourcecode.swift; path = RootTabView.swift; sourceTree = "<group>"; };
		F92C5B15646BCC4881099FF5 /* FamilyAppilyMac.entitlements */ = {isa = PBXFileReference; lastKnownFileType = text.plist.entitlements; path = FamilyAppilyMac.entitlements; sourceTree = "<group>"; };
		FB67EA9D432085D898854D95 /* ParentDashboardView.swift */ = {isa = PBXFileReference; lastKnownFileType = sourcecode.swift; path = ParentDashboardView.swift; sourceTree = "<group>"; };
		FF1CA6C19D4406965A9F4595 /* FamilyAppily.app */ = {isa = PBXFileReference; includeInIndex = 0; lastKnownFileType = wrapper.application; path = FamilyAppily.app; sourceTree = BUILT_PRODUCTS_DIR; };
/* End PBXFileReference section */

/* Begin PBXFrameworksBuildPhase section */
		3315B8E763862C0F50D76CCF /* Frameworks */ = {
			isa = PBXFrameworksBuildPhase;
			buildActionMask = 2147483647;
			files = (
				6FD034B18CF36C832698AA9D /* FamilyCore in Frameworks */,
			);
			runOnlyForDeploymentPostprocessing = 0;
		};
		3796271BE969842432B92369 /* Frameworks */ = {
			isa = PBXFrameworksBuildPhase;
			buildActionMask = 2147483647;
			files = (
				E0B4C9230ED14FCB1B219F89 /* FamilyCore in Frameworks */,
			);
			runOnlyForDeploymentPostprocessing = 0;
		};
		CBCD3BD068A8867304AC87F9 /* Frameworks */ = {
			isa = PBXFrameworksBuildPhase;
			buildActionMask = 2147483647;
			files = (
				6BC49A4E31EC6BCE749D9FEE /* FamilyCore in Frameworks */,
			);
			runOnlyForDeploymentPostprocessing = 0;
		};
/* End PBXFrameworksBuildPhase section */

/* Begin PBXGroup section */
		14166B3F833FADC45E401629 /* Rewards */ = {
			isa = PBXGroup;
			children = (
				7340364D4930DB53E623E83E /* RewardChartView.swift */,
				85CA6CDA8B621E8B1D074158 /* RewardsView.swift */,
			);
			name = Rewards;
			path = Features/Rewards;
			sourceTree = "<group>";
		};
		4B581CD0194AEAE794A2544E /* Profiles */ = {
			isa = PBXGroup;
			children = (
				D541C681A6D6A7A05DDD8DED /* AdultGate.swift */,
				A2EFB0C5E89F3501D7053AEB /* ChildAvatarView.swift */,
				A9B76C9F6C1C03A5BC1C639D /* ProfilePickerView.swift */,
			);
			name = Profiles;
			path = Features/Profiles;
			sourceTree = "<group>";
		};
		6D1132918D15029B0C7792BF /* macOS */ = {
			isa = PBXGroup;
			children = (
				6CDEA4ADF710D0F021B7F928 /* Assets.xcassets */,
				F92C5B15646BCC4881099FF5 /* FamilyAppilyMac.entitlements */,
				BFE1BDF3089BDC4EDEC3ADC6 /* FamilyAppilyMacApp.swift */,
				85173E294DAE5E1B2FCDE94D /* FamilyAppilyMacRootView.swift */,
				7B591FBE8ACDE04735D44DC1 /* Info.plist */,
			);
			name = macOS;
			path = Platforms/macOS;
			sourceTree = "<group>";
		};
		6EB7961BD81A9C35309FEADF /* Parents */ = {
			isa = PBXGroup;
			children = (
				2BBE5CCB205BA2A3C195358E /* ChildSettingsView.swift */,
				6A23975051C05B005F9D0829 /* ChoreAssignmentEditorView.swift */,
				5838CB35CBFE479FFB9AE584 /* ChoreSettingsView.swift */,
				FB67EA9D432085D898854D95 /* ParentDashboardView.swift */,
			);
			name = Parents;
			path = Features/Parents;
			sourceTree = "<group>";
		};
		6F27524961344C3BABB9519B /* Chores */ = {
			isa = PBXGroup;
			children = (
				4383D3E29DD6623D29A72597 /* ChoreRow.swift */,
				797A6D1BE6092083000FD565 /* CompletionMark.swift */,
				4A7B74C9AF7E2B971FF63974 /* DayCardFrame.swift */,
				0A69B939AD964E1FECE5A7D0 /* FamilyRotationView.swift */,
				D3F630409DD2005551010D5B /* WeeklyChartView.swift */,
			);
			name = Chores;
			path = Features/Chores;
			sourceTree = "<group>";
		};
		78CCBF3FF1A6EDC7745E1ABE = {
			isa = PBXGroup;
			children = (
				C1E41608A169755C49BC8F48 /* Calendar */,
				6F27524961344C3BABB9519B /* Chores */,
				AA8C9766A0BEFF0F4462E780 /* iOS */,
				6D1132918D15029B0C7792BF /* macOS */,
				7C2A2D369844946572DB0BB7 /* Packages */,
				6EB7961BD81A9C35309FEADF /* Parents */,
				4B581CD0194AEAE794A2544E /* Profiles */,
				14166B3F833FADC45E401629 /* Rewards */,
				DD03119B109C238FF8F03493 /* Widgets */,
				992302F166E08F38043C59A8 /* Products */,
			);
			sourceTree = "<group>";
		};
		7C2A2D369844946572DB0BB7 /* Packages */ = {
			isa = PBXGroup;
			children = (
				61E3A16D7A582B3A9E3D3DF1 /* FamilyCore */,
			);
			name = Packages;
			sourceTree = "<group>";
		};
		992302F166E08F38043C59A8 /* Products */ = {
			isa = PBXGroup;
			children = (
				FF1CA6C19D4406965A9F4595 /* FamilyAppily.app */,
				F1250A36FCB54C419D3511BA /* FamilyAppilyMac.app */,
				AD4CF0ADFA19123BACA0766C /* FamilyAppilyWidgets.appex */,
			);
			name = Products;
			sourceTree = "<group>";
		};
		AA8C9766A0BEFF0F4462E780 /* iOS */ = {
			isa = PBXGroup;
			children = (
				DCC1D7D827A0856AED8FFE09 /* Assets.xcassets */,
				3B47836CD54B8ECDFA6923D5 /* FamilyAppily.entitlements */,
				F57BD65D1E4586B0E4B39AE2 /* FamilyAppilyApp.swift */,
				BE76F14258725A26F800D6CF /* Info.plist */,
				F63A131F244EAA4D6D8D4E8D /* RootTabView.swift */,
			);
			name = iOS;
			path = Platforms/iOS;
			sourceTree = "<group>";
		};
		C1E41608A169755C49BC8F48 /* Calendar */ = {
			isa = PBXGroup;
			children = (
				9635644266EF5976C8636731 /* FamilyCalendarView.swift */,
			);
			name = Calendar;
			path = Features/Calendar;
			sourceTree = "<group>";
		};
		DD03119B109C238FF8F03493 /* Widgets */ = {
			isa = PBXGroup;
			children = (
				B963806AE8EC420C78348443 /* ChoresWidget.swift */,
				03C978D43BE3F185DBFE074F /* FamilyAppilyWidgetBundle.swift */,
				47CD2A0E7229480FE213D0D6 /* FamilyAppilyWidgets.entitlements */,
				4D5761873673424874C6E5CF /* Info.plist */,
			);
			path = Widgets;
			sourceTree = "<group>";
		};
/* End PBXGroup section */

/* Begin PBXNativeTarget section */
		07508B521E15E44F45982B46 /* FamilyAppilyMac */ = {
			isa = PBXNativeTarget;
			buildConfigurationList = 4B7F8576009E1A18E72215A8 /* Build configuration list for PBXNativeTarget "FamilyAppilyMac" */;
			buildPhases = (
				C12D05597D4CE80FDC3CD388 /* Sources */,
				9CE0DD74276575ACAD87342F /* Resources */,
				CBCD3BD068A8867304AC87F9 /* Frameworks */,
			);
			buildRules = (
			);
			dependencies = (
			);
			name = FamilyAppilyMac;
			packageProductDependencies = (
				709889DB199DB2ACFC990A52 /* FamilyCore */,
			);
			productName = FamilyAppilyMac;
			productReference = F1250A36FCB54C419D3511BA /* FamilyAppilyMac.app */;
			productType = "com.apple.product-type.application";
		};
		57DF6E1ED5ED7B620097F3FC /* FamilyAppilyWidgets */ = {
			isa = PBXNativeTarget;
			buildConfigurationList = 856860E7CB422A90B6E61822 /* Build configuration list for PBXNativeTarget "FamilyAppilyWidgets" */;
			buildPhases = (
				223F64B620C5E13B30A66194 /* Sources */,
				3796271BE969842432B92369 /* Frameworks */,
			);
			buildRules = (
			);
			dependencies = (
			);
			name = FamilyAppilyWidgets;
			packageProductDependencies = (
				BA8909571F7F2BCDB74FBB60 /* FamilyCore */,
			);
			productName = FamilyAppilyWidgets;
			productReference = AD4CF0ADFA19123BACA0766C /* FamilyAppilyWidgets.appex */;
			productType = "com.apple.product-type.app-extension";
		};
		6EB7297C1A8246726D91EABB /* FamilyAppily */ = {
			isa = PBXNativeTarget;
			buildConfigurationList = 4CD47EC5CB3C6385B68C107F /* Build configuration list for PBXNativeTarget "FamilyAppily" */;
			buildPhases = (
				C655B63B3403EDE624B00C0E /* Sources */,
				3550CB2A17D350BC0B6B5095 /* Resources */,
				3315B8E763862C0F50D76CCF /* Frameworks */,
				116FC4672C9A9C4B88C6FCA0 /* Embed Foundation Extensions */,
			);
			buildRules = (
			);
			dependencies = (
				C42D1E6518F67B9C2C57DA67 /* PBXTargetDependency */,
			);
			name = FamilyAppily;
			packageProductDependencies = (
				F545B5D6CC3867011FCE9116 /* FamilyCore */,
			);
			productName = FamilyAppily;
			productReference = FF1CA6C19D4406965A9F4595 /* FamilyAppily.app */;
			productType = "com.apple.product-type.application";
		};
/* End PBXNativeTarget section */

/* Begin PBXProject section */
		A95B84594E87C259AE46FC07 /* Project object */ = {
			isa = PBXProject;
			attributes = {
				BuildIndependentTargetsInParallel = YES;
				LastUpgradeCheck = 1430;
				TargetAttributes = {
					07508B521E15E44F45982B46 = {
						DevelopmentTeam = MNR8M8K86K;
						ProvisioningStyle = Automatic;
					};
					57DF6E1ED5ED7B620097F3FC = {
						DevelopmentTeam = MNR8M8K86K;
						ProvisioningStyle = Automatic;
					};
					6EB7297C1A8246726D91EABB = {
						DevelopmentTeam = MNR8M8K86K;
						ProvisioningStyle = Automatic;
					};
				};
			};
			buildConfigurationList = 02FCCF97A1C65BFD629F402C /* Build configuration list for PBXProject "FamilyAppily" */;
			developmentRegion = en;
			hasScannedForEncodings = 0;
			knownRegions = (
				Base,
				en,
			);
			mainGroup = 78CCBF3FF1A6EDC7745E1ABE;
			minimizedProjectReferenceProxies = 1;
			packageReferences = (
				700B0F02D55FC1198E87BDB9 /* XCLocalSwiftPackageReference "FamilyCore" */,
			);
			preferredProjectObjectVersion = 77;
			productRefGroup = 992302F166E08F38043C59A8 /* Products */;
			projectDirPath = "";
			projectRoot = "";
			targets = (
				6EB7297C1A8246726D91EABB /* FamilyAppily */,
				57DF6E1ED5ED7B620097F3FC /* FamilyAppilyWidgets */,
				07508B521E15E44F45982B46 /* FamilyAppilyMac */,
			);
		};
/* End PBXProject section */

/* Begin PBXResourcesBuildPhase section */
		3550CB2A17D350BC0B6B5095 /* Resources */ = {
			isa = PBXResourcesBuildPhase;
			buildActionMask = 2147483647;
			files = (
				CB21A7C0782880982CD00E81 /* Assets.xcassets in Resources */,
			);
			runOnlyForDeploymentPostprocessing = 0;
		};
		9CE0DD74276575ACAD87342F /* Resources */ = {
			isa = PBXResourcesBuildPhase;
			buildActionMask = 2147483647;
			files = (
				8001D4C5CFD009D898F0B874 /* Assets.xcassets in Resources */,
			);
			runOnlyForDeploymentPostprocessing = 0;
		};
/* End PBXResourcesBuildPhase section */

/* Begin PBXSourcesBuildPhase section */
		223F64B620C5E13B30A66194 /* Sources */ = {
			isa = PBXSourcesBuildPhase;
			buildActionMask = 2147483647;
			files = (
				823A03B8B4A231348DD45FDE /* ChoresWidget.swift in Sources */,
				E007E68050B382EDDF04C3A6 /* FamilyAppilyWidgetBundle.swift in Sources */,
			);
			runOnlyForDeploymentPostprocessing = 0;
		};
		C12D05597D4CE80FDC3CD388 /* Sources */ = {
			isa = PBXSourcesBuildPhase;
			buildActionMask = 2147483647;
			files = (
				6AEA55B280AFAFEAD5D53378 /* AdultGate.swift in Sources */,
				84EF496251E8448C84B46110 /* ChildAvatarView.swift in Sources */,
				7674564C10883A38E9D2335D /* ChildSettingsView.swift in Sources */,
				A9230F7DA3889BF3D860D0FD /* ChoreAssignmentEditorView.swift in Sources */,
				564A6EDA6B2512DD8F97CC8C /* ChoreRow.swift in Sources */,
				B5DB03B6E99B7B981E5732A9 /* ChoreSettingsView.swift in Sources */,
				7F34F9AEA5A1B7D50F3A62FD /* CompletionMark.swift in Sources */,
				A78C4B5399A2C61E5C75BF0B /* DayCardFrame.swift in Sources */,
				7C398F2F383C9854DFA02A04 /* FamilyAppilyMacApp.swift in Sources */,
				97704E02238759216108DE5C /* FamilyAppilyMacRootView.swift in Sources */,
				9E9BDD09F8DA309D832A694A /* FamilyCalendarView.swift in Sources */,
				D450DE8DC59C95FF6730DF5C /* FamilyRotationView.swift in Sources */,
				6922498929EEB6BCF50935F1 /* ParentDashboardView.swift in Sources */,
				C9F21AE4201F199DED7A12C2 /* ProfilePickerView.swift in Sources */,
				EB5641838E64D896E7A5F019 /* RewardChartView.swift in Sources */,
				F7B5D30FC68A7549667A9DCF /* RewardsView.swift in Sources */,
				4874BFF89E8F74CA384DEB29 /* WeeklyChartView.swift in Sources */,
			);
			runOnlyForDeploymentPostprocessing = 0;
		};
		C655B63B3403EDE624B00C0E /* Sources */ = {
			isa = PBXSourcesBuildPhase;
			buildActionMask = 2147483647;
			files = (
				0A79732C03639AD4C322F904 /* AdultGate.swift in Sources */,
				4A6E68B263D2202A7D4AD9AB /* ChildAvatarView.swift in Sources */,
				59B50ABC46C61208C97CACC6 /* ChildSettingsView.swift in Sources */,
				E8C8B2CB5057F415BAEA86E4 /* ChoreAssignmentEditorView.swift in Sources */,
				41EADF806F147A3FC781DBFF /* ChoreRow.swift in Sources */,
				63E114E161D8FBCE8D5B6DC2 /* ChoreSettingsView.swift in Sources */,
				E5A279CF04022173CDE6A62F /* CompletionMark.swift in Sources */,
				0DE29FBAF82C9B92C66260F0 /* DayCardFrame.swift in Sources */,
				5D22A8B90448C3D88604B57D /* FamilyAppilyApp.swift in Sources */,
				6ED49D89F4E4C2BB3E189B99 /* FamilyCalendarView.swift in Sources */,
				B90FE73C4EEC12FAB96DD8A2 /* FamilyRotationView.swift in Sources */,
				AB5E1D7FA5512623BA01C677 /* ParentDashboardView.swift in Sources */,
				003504C2D80C562C0B0CA9C5 /* ProfilePickerView.swift in Sources */,
				C2047BDEC8F8D436F9EE180F /* RewardChartView.swift in Sources */,
				3BF558E8083FE151ECCC2179 /* RewardsView.swift in Sources */,
				F8A5FBCF8318E249F80A8293 /* RootTabView.swift in Sources */,
				293CEEB19916BD4411A601FE /* WeeklyChartView.swift in Sources */,
			);
			runOnlyForDeploymentPostprocessing = 0;
		};
/* End PBXSourcesBuildPhase section */

/* Begin PBXTargetDependency section */
		C42D1E6518F67B9C2C57DA67 /* PBXTargetDependency */ = {
			isa = PBXTargetDependency;
			target = 57DF6E1ED5ED7B620097F3FC /* FamilyAppilyWidgets */;
			targetProxy = 7F576943B3BC42AAFCAB0065 /* PBXContainerItemProxy */;
		};
/* End PBXTargetDependency section */

/* Begin XCBuildConfiguration section */
		0B2E8B5807B8513EE898FE86 /* Debug */ = {
			isa = XCBuildConfiguration;
			buildSettings = {
				ASSETCATALOG_COMPILER_APPICON_NAME = AppIcon;
				CODE_SIGN_ENTITLEMENTS = Platforms/macOS/FamilyAppilyMac.entitlements;
				CODE_SIGN_STYLE = Automatic;
				COMBINE_HIDPI_IMAGES = YES;
				DEVELOPMENT_TEAM = MNR8M8K86K;
				ENABLE_HARDENED_RUNTIME = YES;
				INFOPLIST_FILE = Platforms/macOS/Info.plist;
				LD_RUNPATH_SEARCH_PATHS = (
					"$(inherited)",
					"@executable_path/../Frameworks",
				);
				MACOSX_DEPLOYMENT_TARGET = 14.0;
				MARKETING_VERSION = 1.0;
				PRODUCT_BUNDLE_IDENTIFIER = com.mspaldingworks.FamilyAppily;
				PRODUCT_NAME = "Family Appily";
				SDKROOT = macosx;
				SWIFT_VERSION = 5.10;
			};
			name = Debug;
		};
		229EA2607179851B8E388B69 /* Release */ = {
			isa = XCBuildConfiguration;
			buildSettings = {
				CODE_SIGN_ENTITLEMENTS = Widgets/FamilyAppilyWidgets.entitlements;
				CODE_SIGN_STYLE = Automatic;
				DEVELOPMENT_TEAM = MNR8M8K86K;
				INFOPLIST_FILE = Widgets/Info.plist;
				IPHONEOS_DEPLOYMENT_TARGET = 17.0;
				LD_RUNPATH_SEARCH_PATHS = (
					"$(inherited)",
					"@executable_path/Frameworks",
					"@executable_path/../../Frameworks",
				);
				PRODUCT_BUNDLE_IDENTIFIER = com.mspaldingworks.FamilyAppily.widgets;
				SDKROOT = iphoneos;
				SWIFT_VERSION = 5.10;
				TARGETED_DEVICE_FAMILY = "1,2";
			};
			name = Release;
		};
		77DB99C153A487AFBB522585 /* Release */ = {
			isa = XCBuildConfiguration;
			buildSettings = {
				ALWAYS_SEARCH_USER_PATHS = NO;
				CLANG_ANALYZER_NONNULL = YES;
				CLANG_ANALYZER_NUMBER_OBJECT_CONVERSION = YES_AGGRESSIVE;
				CLANG_CXX_LANGUAGE_STANDARD = "gnu++14";
				CLANG_CXX_LIBRARY = "libc++";
				CLANG_ENABLE_MODULES = YES;
				CLANG_ENABLE_OBJC_ARC = YES;
				CLANG_ENABLE_OBJC_WEAK = YES;
				CLANG_WARN_BLOCK_CAPTURE_AUTORELEASING = YES;
				CLANG_WARN_BOOL_CONVERSION = YES;
				CLANG_WARN_COMMA = YES;
				CLANG_WARN_CONSTANT_CONVERSION = YES;
				CLANG_WARN_DEPRECATED_OBJC_IMPLEMENTATIONS = YES;
				CLANG_WARN_DIRECT_OBJC_ISA_USAGE = YES_ERROR;
				CLANG_WARN_DOCUMENTATION_COMMENTS = YES;
				CLANG_WARN_EMPTY_BODY = YES;
				CLANG_WARN_ENUM_CONVERSION = YES;
				CLANG_WARN_INFINITE_RECURSION = YES;
				CLANG_WARN_INT_CONVERSION = YES;
				CLANG_WARN_NON_LITERAL_NULL_CONVERSION = YES;
				CLANG_WARN_OBJC_IMPLICIT_RETAIN_SELF = YES;
				CLANG_WARN_OBJC_LITERAL_CONVERSION = YES;
				CLANG_WARN_OBJC_ROOT_CLASS = YES_ERROR;
				CLANG_WARN_QUOTED_INCLUDE_IN_FRAMEWORK_HEADER = YES;
				CLANG_WARN_RANGE_LOOP_ANALYSIS = YES;
				CLANG_WARN_STRICT_PROTOTYPES = YES;
				CLANG_WARN_SUSPICIOUS_MOVE = YES;
				CLANG_WARN_UNGUARDED_AVAILABILITY = YES_AGGRESSIVE;
				CLANG_WARN_UNREACHABLE_CODE = YES;
				CLANG_WARN__DUPLICATE_METHOD_MATCH = YES;
				COPY_PHASE_STRIP = NO;
				DEBUG_INFORMATION_FORMAT = "dwarf-with-dsym";
				ENABLE_NS_ASSERTIONS = NO;
				ENABLE_STRICT_OBJC_MSGSEND = YES;
				GCC_C_LANGUAGE_STANDARD = gnu11;
				GCC_NO_COMMON_BLOCKS = YES;
				GCC_WARN_64_TO_32_BIT_CONVERSION = YES;
				GCC_WARN_ABOUT_RETURN_TYPE = YES_ERROR;
				GCC_WARN_UNDECLARED_SELECTOR = YES;
				GCC_WARN_UNINITIALIZED_AUTOS = YES_AGGRESSIVE;
				GCC_WARN_UNUSED_FUNCTION = YES;
				GCC_WARN_UNUSED_VARIABLE = YES;
				IPHONEOS_DEPLOYMENT_TARGET = 17.0;
				MACOSX_DEPLOYMENT_TARGET = 14.0;
				MTL_ENABLE_DEBUG_INFO = NO;
				MTL_FAST_MATH = YES;
				PRODUCT_NAME = "$(TARGET_NAME)";
				SWIFT_COMPILATION_MODE = wholemodule;
				SWIFT_OPTIMIZATION_LEVEL = "-O";
				SWIFT_VERSION = 5.0;
			};
			name = Release;
		};
		800BFE9367B07890EACD5159 /* Debug */ = {
			isa = XCBuildConfiguration;
			buildSettings = {
				CODE_SIGN_ENTITLEMENTS = Widgets/FamilyAppilyWidgets.entitlements;
				CODE_SIGN_STYLE = Automatic;
				DEVELOPMENT_TEAM = MNR8M8K86K;
				INFOPLIST_FILE = Widgets/Info.plist;
				IPHONEOS_DEPLOYMENT_TARGET = 17.0;
				LD_RUNPATH_SEARCH_PATHS = (
					"$(inherited)",
					"@executable_path/Frameworks",
					"@executable_path/../../Frameworks",
				);
				PRODUCT_BUNDLE_IDENTIFIER = com.mspaldingworks.FamilyAppily.widgets;
				SDKROOT = iphoneos;
				SWIFT_VERSION = 5.10;
				TARGETED_DEVICE_FAMILY = "1,2";
			};
			name = Debug;
		};
		8B99CE2242F9F2BFD3F21877 /* Debug */ = {
			isa = XCBuildConfiguration;
			buildSettings = {
				ALWAYS_SEARCH_USER_PATHS = NO;
				CLANG_ANALYZER_NONNULL = YES;
				CLANG_ANALYZER_NUMBER_OBJECT_CONVERSION = YES_AGGRESSIVE;
				CLANG_CXX_LANGUAGE_STANDARD = "gnu++14";
				CLANG_CXX_LIBRARY = "libc++";
				CLANG_ENABLE_MODULES = YES;
				CLANG_ENABLE_OBJC_ARC = YES;
				CLANG_ENABLE_OBJC_WEAK = YES;
				CLANG_WARN_BLOCK_CAPTURE_AUTORELEASING = YES;
				CLANG_WARN_BOOL_CONVERSION = YES;
				CLANG_WARN_COMMA = YES;
				CLANG_WARN_CONSTANT_CONVERSION = YES;
				CLANG_WARN_DEPRECATED_OBJC_IMPLEMENTATIONS = YES;
				CLANG_WARN_DIRECT_OBJC_ISA_USAGE = YES_ERROR;
				CLANG_WARN_DOCUMENTATION_COMMENTS = YES;
				CLANG_WARN_EMPTY_BODY = YES;
				CLANG_WARN_ENUM_CONVERSION = YES;
				CLANG_WARN_INFINITE_RECURSION = YES;
				CLANG_WARN_INT_CONVERSION = YES;
				CLANG_WARN_NON_LITERAL_NULL_CONVERSION = YES;
				CLANG_WARN_OBJC_IMPLICIT_RETAIN_SELF = YES;
				CLANG_WARN_OBJC_LITERAL_CONVERSION = YES;
				CLANG_WARN_OBJC_ROOT_CLASS = YES_ERROR;
				CLANG_WARN_QUOTED_INCLUDE_IN_FRAMEWORK_HEADER = YES;
				CLANG_WARN_RANGE_LOOP_ANALYSIS = YES;
				CLANG_WARN_STRICT_PROTOTYPES = YES;
				CLANG_WARN_SUSPICIOUS_MOVE = YES;
				CLANG_WARN_UNGUARDED_AVAILABILITY = YES_AGGRESSIVE;
				CLANG_WARN_UNREACHABLE_CODE = YES;
				CLANG_WARN__DUPLICATE_METHOD_MATCH = YES;
				COPY_PHASE_STRIP = NO;
				DEBUG_INFORMATION_FORMAT = dwarf;
				ENABLE_STRICT_OBJC_MSGSEND = YES;
				ENABLE_TESTABILITY = YES;
				GCC_C_LANGUAGE_STANDARD = gnu11;
				GCC_DYNAMIC_NO_PIC = NO;
				GCC_NO_COMMON_BLOCKS = YES;
				GCC_OPTIMIZATION_LEVEL = 0;
				GCC_PREPROCESSOR_DEFINITIONS = (
					"$(inherited)",
					"DEBUG=1",
				);
				GCC_WARN_64_TO_32_BIT_CONVERSION = YES;
				GCC_WARN_ABOUT_RETURN_TYPE = YES_ERROR;
				GCC_WARN_UNDECLARED_SELECTOR = YES;
				GCC_WARN_UNINITIALIZED_AUTOS = YES_AGGRESSIVE;
				GCC_WARN_UNUSED_FUNCTION = YES;
				GCC_WARN_UNUSED_VARIABLE = YES;
				IPHONEOS_DEPLOYMENT_TARGET = 17.0;
				MACOSX_DEPLOYMENT_TARGET = 14.0;
				MTL_ENABLE_DEBUG_INFO = INCLUDE_SOURCE;
				MTL_FAST_MATH = YES;
				ONLY_ACTIVE_ARCH = YES;
				PRODUCT_NAME = "$(TARGET_NAME)";
				SWIFT_ACTIVE_COMPILATION_CONDITIONS = DEBUG;
				SWIFT_OPTIMIZATION_LEVEL = "-Onone";
				SWIFT_VERSION = 5.0;
			};
			name = Debug;
		};
		8F72F4010C27E224510326AD /* Release */ = {
			isa = XCBuildConfiguration;
			buildSettings = {
				ASSETCATALOG_COMPILER_APPICON_NAME = AppIcon;
				CODE_SIGN_ENTITLEMENTS = Platforms/iOS/FamilyAppily.entitlements;
				CODE_SIGN_IDENTITY = "iPhone Developer";
				CODE_SIGN_STYLE = Automatic;
				DEVELOPMENT_TEAM = MNR8M8K86K;
				INFOPLIST_FILE = Platforms/iOS/Info.plist;
				IPHONEOS_DEPLOYMENT_TARGET = 17.0;
				LD_RUNPATH_SEARCH_PATHS = (
					"$(inherited)",
					"@executable_path/Frameworks",
				);
				PRODUCT_BUNDLE_IDENTIFIER = com.mspaldingworks.FamilyAppily;
				SDKROOT = iphoneos;
				SWIFT_VERSION = 5.10;
				TARGETED_DEVICE_FAMILY = "1,2";
			};
			name = Release;
		};
		E91253150D2C1D2A61B41A76 /* Debug */ = {
			isa = XCBuildConfiguration;
			buildSettings = {
				ASSETCATALOG_COMPILER_APPICON_NAME = AppIcon;
				CODE_SIGN_ENTITLEMENTS = Platforms/iOS/FamilyAppily.entitlements;
				CODE_SIGN_IDENTITY = "iPhone Developer";
				CODE_SIGN_STYLE = Automatic;
				DEVELOPMENT_TEAM = MNR8M8K86K;
				INFOPLIST_FILE = Platforms/iOS/Info.plist;
				IPHONEOS_DEPLOYMENT_TARGET = 17.0;
				LD_RUNPATH_SEARCH_PATHS = (
					"$(inherited)",
					"@executable_path/Frameworks",
				);
				PRODUCT_BUNDLE_IDENTIFIER = com.mspaldingworks.FamilyAppily;
				SDKROOT = iphoneos;
				SWIFT_VERSION = 5.10;
				TARGETED_DEVICE_FAMILY = "1,2";
			};
			name = Debug;
		};
		FB46147B3256294A2352B0AE /* Release */ = {
			isa = XCBuildConfiguration;
			buildSettings = {
				ASSETCATALOG_COMPILER_APPICON_NAME = AppIcon;
				CODE_SIGN_ENTITLEMENTS = Platforms/macOS/FamilyAppilyMac.entitlements;
				CODE_SIGN_STYLE = Automatic;
				COMBINE_HIDPI_IMAGES = YES;
				DEVELOPMENT_TEAM = MNR8M8K86K;
				ENABLE_HARDENED_RUNTIME = YES;
				INFOPLIST_FILE = Platforms/macOS/Info.plist;
				LD_RUNPATH_SEARCH_PATHS = (
					"$(inherited)",
					"@executable_path/../Frameworks",
				);
				MACOSX_DEPLOYMENT_TARGET = 14.0;
				MARKETING_VERSION = 1.0;
				PRODUCT_BUNDLE_IDENTIFIER = com.mspaldingworks.FamilyAppily;
				PRODUCT_NAME = "Family Appily";
				SDKROOT = macosx;
				SWIFT_VERSION = 5.10;
			};
			name = Release;
		};
/* End XCBuildConfiguration section */

/* Begin XCConfigurationList section */
		02FCCF97A1C65BFD629F402C /* Build configuration list for PBXProject "FamilyAppily" */ = {
			isa = XCConfigurationList;
			buildConfigurations = (
				8B99CE2242F9F2BFD3F21877 /* Debug */,
				77DB99C153A487AFBB522585 /* Release */,
			);
			defaultConfigurationIsVisible = 0;
			defaultConfigurationName = Debug;
		};
		4B7F8576009E1A18E72215A8 /* Build configuration list for PBXNativeTarget "FamilyAppilyMac" */ = {
			isa = XCConfigurationList;
			buildConfigurations = (
				0B2E8B5807B8513EE898FE86 /* Debug */,
				FB46147B3256294A2352B0AE /* Release */,
			);
			defaultConfigurationIsVisible = 0;
			defaultConfigurationName = Debug;
		};
		4CD47EC5CB3C6385B68C107F /* Build configuration list for PBXNativeTarget "FamilyAppily" */ = {
			isa = XCConfigurationList;
			buildConfigurations = (
				E91253150D2C1D2A61B41A76 /* Debug */,
				8F72F4010C27E224510326AD /* Release */,
			);
			defaultConfigurationIsVisible = 0;
			defaultConfigurationName = Debug;
		};
		856860E7CB422A90B6E61822 /* Build configuration list for PBXNativeTarget "FamilyAppilyWidgets" */ = {
			isa = XCConfigurationList;
			buildConfigurations = (
				800BFE9367B07890EACD5159 /* Debug */,
				229EA2607179851B8E388B69 /* Release */,
			);
			defaultConfigurationIsVisible = 0;
			defaultConfigurationName = Debug;
		};
/* End XCConfigurationList section */

/* Begin XCLocalSwiftPackageReference section */
		700B0F02D55FC1198E87BDB9 /* XCLocalSwiftPackageReference "FamilyCore" */ = {
			isa = XCLocalSwiftPackageReference;
			relativePath = FamilyCore;
		};
/* End XCLocalSwiftPackageReference section */

/* Begin XCSwiftPackageProductDependency section */
		709889DB199DB2ACFC990A52 /* FamilyCore */ = {
			isa = XCSwiftPackageProductDependency;
			productName = FamilyCore;
		};
		BA8909571F7F2BCDB74FBB60 /* FamilyCore */ = {
			isa = XCSwiftPackageProductDependency;
			productName = FamilyCore;
		};
		F545B5D6CC3867011FCE9116 /* FamilyCore */ = {
			isa = XCSwiftPackageProductDependency;
			productName = FamilyCore;
		};
/* End XCSwiftPackageProductDependency section */
	};
	rootObject = A95B84594E87C259AE46FC07 /* Project object */;
}
